
Microsoft Visual Studio Solution File, Format Version 12.00
# Visual Studio Version 17
VisualStudioVersion = 17.4.33122.133
MinimumVisualStudioVersion = 10.0.40219.1
Project("{FAE04EC0-301F-11D3-BF4B-00C04F79EFBC}") = "Authentication", "Authentication\Authentication.csproj", "{251652C6-B9AB-4BE9-A4E7-43B85CAFE445}"
EndProject
Project("{FAE04EC0-301F-11D3-BF4B-00C04F79EFBC}") = "DomainLayer", "DomainLayer\DomainLayer.csproj", "{2A4D51ED-3AD3-4A02-B63C-9A6A7B3C49EA}"
EndProject
Project("{FAE04EC0-301F-11D3-BF4B-00C04F79EFBC}") = "ServiceLayer", "ServiceLayer\ServiceLayer.csproj", "{292B7176-9F06-4260-8BB5-7FEED28691B5}"
EndProject
Global
	GlobalSection(SolutionConfigurationPlatforms) = preSolution
		Debug|Any CPU = Debug|Any CPU
		Release|Any CPU = Release|Any CPU
	EndGlobalSection
	GlobalSection(ProjectConfigurationPlatforms) = postSolution
		{251652C6-B9AB-4BE9-A4E7-43B85CAFE445}.Debug|Any CPU.ActiveCfg = Debug|Any CPU
		{251652C6-B9AB-4BE9-A4E7-43B85CAFE445}.Debug|Any CPU.Build.0 = Debug|Any CPU
		{251652C6-B9AB-4BE9-A4E7-43B85CAFE445}.Release|Any CPU.ActiveCfg = Release|Any CPU
		{251652C6-B9AB-4BE9-A4E7-43B85CAFE445}.Release|Any CPU.Build.0 = Release|Any CPU
		{2A4D51ED-3AD3-4A02-B63C-9A6A7B3C49EA}.Debug|Any CPU.ActiveCfg = Debug|Any CPU
		{2A4D51ED-3AD3-4A02-B63C-9A6A7B3C49EA}.Debug|Any CPU.Build.0 = Debug|Any CPU
		{2A4D51ED-3AD3-4A02-B63C-9A6A7B3C49EA}.Release|Any CPU.ActiveCfg = Release|Any CPU
		{2A4D51ED-3AD3-4A02-B63C-9A6A7B3C49EA}.Release|Any CPU.Build.0 = Release|Any CPU
		{292B7176-9F06-4260-8BB5-7FEED28691B5}.Debug|Any CPU.ActiveCfg = Debug|Any CPU
		{292B7176-9F06-4260-8BB5-7FEED28691B5}.Debug|Any CPU.Build.0 = Debug|Any CPU
		{292B7176-9F06-4260-8BB5-7FEED28691B5}.Release|Any CPU.ActiveCfg = Release|Any CPU
		{292B7176-9F06-4260-8BB5-7FEED28691B5}.Release|Any CPU.Build.0 = Release|Any CPU
	EndGlobalSection
	GlobalSection(SolutionProperties) = preSolution
		HideSolutionNode = FALSE
	EndGlobalSection
	GlobalSection(ExtensibilityGlobals) = postSolution
		SolutionGuid = {0843CC46-E7E0-4966-90E1-32DA6FB5D6EE}
	EndGlobalSection
EndGlobal
